
Microsoft Visual Studio Solution File, Format Version 12.00
# Visual Studio Version 17
VisualStudioVersion = 17.10.35013.160
MinimumVisualStudioVersion = 10.0.40219.1
Project("{FAE04EC0-301F-11D3-BF4B-00C04F79EFBC}") = "Project9Animal.Server", "Project9Animal.Server\Project9Animal.Server.csproj", "{F2F44612-FB80-460F-8324-5008BF7A2DDE}"
EndProject
Project("{54A90642-561A-4BB1-A94E-469ADEE60C69}") = "project9animal.client", "project9animal.client\project9animal.client.esproj", "{1F54E2B5-40CC-4816-A81F-E8703A08FFE2}"
EndProject
Global
	GlobalSection(SolutionConfigurationPlatforms) = preSolution
		Debug|Any CPU = Debug|Any CPU
		Release|Any CPU = Release|Any CPU
	EndGlobalSection
	GlobalSection(ProjectConfigurationPlatforms) = postSolution
		{F2F44612-FB80-460F-8324-5008BF7A2DDE}.Debug|Any CPU.ActiveCfg = Debug|Any CPU
		{F2F44612-FB80-460F-8324-5008BF7A2DDE}.Debug|Any CPU.Build.0 = Debug|Any CPU
		{F2F44612-FB80-460F-8324-5008BF7A2DDE}.Release|Any CPU.ActiveCfg = Release|Any CPU
		{F2F44612-FB80-460F-8324-5008BF7A2DDE}.Release|Any CPU.Build.0 = Release|Any CPU
		{1F54E2B5-40CC-4816-A81F-E8703A08FFE2}.Debug|Any CPU.ActiveCfg = Debug|Any CPU
		{1F54E2B5-40CC-4816-A81F-E8703A08FFE2}.Debug|Any CPU.Build.0 = Debug|Any CPU
		{1F54E2B5-40CC-4816-A81F-E8703A08FFE2}.Debug|Any CPU.Deploy.0 = Debug|Any CPU
		{1F54E2B5-40CC-4816-A81F-E8703A08FFE2}.Release|Any CPU.ActiveCfg = Release|Any CPU
		{1F54E2B5-40CC-4816-A81F-E8703A08FFE2}.Release|Any CPU.Build.0 = Release|Any CPU
		{1F54E2B5-40CC-4816-A81F-E8703A08FFE2}.Release|Any CPU.Deploy.0 = Release|Any CPU
	EndGlobalSection
	GlobalSection(SolutionProperties) = preSolution
		HideSolutionNode = FALSE
	EndGlobalSection
	GlobalSection(ExtensibilityGlobals) = postSolution
		SolutionGuid = {A6B15ABA-E2C2-4FF8-9C38-A6526B5208A0}
	EndGlobalSection
EndGlobal
